PODS:
  - AuthTextField (0.2.1):
    - SnapKit (~> 4.0)
  - SnapKit (4.2.0)

DEPENDENCIES:
  - AuthTextField (from `../`)
  - SnapKit (~> 4.0)

SPEC REPOS:
  trunk:
    - SnapKit

EXTERNAL SOURCES:
  AuthTextField:
    :path: "../"

SPEC CHECKSUMS:
  AuthTextField: 672d7b71d443e6afc266aa9af087a4b270847c1c
  SnapKit: fe8a619752f3f27075cc9a90244d75c6c3f27e2a

PODFILE CHECKSUM: 7116e837103717af9c72a940991e01589995d14b

COCOAPODS: 1.9.3
